
Microsoft Visual Studio Solution File, Format Version 12.00
# Visual Studio Version 16
VisualStudioVersion = 16.0.30114.105
MinimumVisualStudioVersion = 10.0.40219.1
Project("{FAE04EC0-301F-11D3-BF4B-00C04F79EFBC}") = "API", "API\API.csproj", "{BBF1BE0A-52DB-416D-8F54-D2EC4509B72A}"
EndProject
Project("{FAE04EC0-301F-11D3-BF4B-00C04F79EFBC}") = "Persistence", "Persistence\Persistence.csproj", "{56FB8873-79FD-49E7-BB89-D414D9F414C3}"
EndProject
Project("{FAE04EC0-301F-11D3-BF4B-00C04F79EFBC}") = "Domain", "Domain\Domain.csproj", "{FB54DABC-20AE-4B72-94FA-1121D64AFF98}"
EndProject
Project("{FAE04EC0-301F-11D3-BF4B-00C04F79EFBC}") = "Application", "Application\Application.csproj", "{71D27713-43A8-47AD-AB9B-CC74FF141D3B}"
EndProject
Global
	GlobalSection(SolutionConfigurationPlatforms) = preSolution
		Debug|Any CPU = Debug|Any CPU
		Debug|x64 = Debug|x64
		Debug|x86 = Debug|x86
		Release|Any CPU = Release|Any CPU
		Release|x64 = Release|x64
		Release|x86 = Release|x86
	EndGlobalSection
	GlobalSection(SolutionProperties) = preSolution
		HideSolutionNode = FALSE
	EndGlobalSection
	GlobalSection(ProjectConfigurationPlatforms) = postSolution
		{BBF1BE0A-52DB-416D-8F54-D2EC4509B72A}.Debug|Any CPU.ActiveCfg = Debug|Any CPU
		{BBF1BE0A-52DB-416D-8F54-D2EC4509B72A}.Debug|Any CPU.Build.0 = Debug|Any CPU
		{BBF1BE0A-52DB-416D-8F54-D2EC4509B72A}.Debug|x64.ActiveCfg = Debug|Any CPU
		{BBF1BE0A-52DB-416D-8F54-D2EC4509B72A}.Debug|x64.Build.0 = Debug|Any CPU
		{BBF1BE0A-52DB-416D-8F54-D2EC4509B72A}.Debug|x86.ActiveCfg = Debug|Any CPU
		{BBF1BE0A-52DB-416D-8F54-D2EC4509B72A}.Debug|x86.Build.0 = Debug|Any CPU
		{BBF1BE0A-52DB-416D-8F54-D2EC4509B72A}.Release|Any CPU.ActiveCfg = Release|Any CPU
		{BBF1BE0A-52DB-416D-8F54-D2EC4509B72A}.Release|Any CPU.Build.0 = Release|Any CPU
		{BBF1BE0A-52DB-416D-8F54-D2EC4509B72A}.Release|x64.ActiveCfg = Release|Any CPU
		{BBF1BE0A-52DB-416D-8F54-D2EC4509B72A}.Release|x64.Build.0 = Release|Any CPU
		{BBF1BE0A-52DB-416D-8F54-D2EC4509B72A}.Release|x86.ActiveCfg = Release|Any CPU
		{BBF1BE0A-52DB-416D-8F54-D2EC4509B72A}.Release|x86.Build.0 = Release|Any CPU
		{56FB8873-79FD-49E7-BB89-D414D9F414C3}.Debug|Any CPU.ActiveCfg = Debug|Any CPU
		{56FB8873-79FD-49E7-BB89-D414D9F414C3}.Debug|Any CPU.Build.0 = Debug|Any CPU
		{56FB8873-79FD-49E7-BB89-D414D9F414C3}.Debug|x64.ActiveCfg = Debug|Any CPU
		{56FB8873-79FD-49E7-BB89-D414D9F414C3}.Debug|x64.Build.0 = Debug|Any CPU
		{56FB8873-79FD-49E7-BB89-D414D9F414C3}.Debug|x86.ActiveCfg = Debug|Any CPU
		{56FB8873-79FD-49E7-BB89-D414D9F414C3}.Debug|x86.Build.0 = Debug|Any CPU
		{56FB8873-79FD-49E7-BB89-D414D9F414C3}.Release|Any CPU.ActiveCfg = Release|Any CPU
		{56FB8873-79FD-49E7-BB89-D414D9F414C3}.Release|Any CPU.Build.0 = Release|Any CPU
		{56FB8873-79FD-49E7-BB89-D414D9F414C3}.Release|x64.ActiveCfg = Release|Any CPU
		{56FB8873-79FD-49E7-BB89-D414D9F414C3}.Release|x64.Build.0 = Release|Any CPU
		{56FB8873-79FD-49E7-BB89-D414D9F414C3}.Release|x86.ActiveCfg = Release|Any CPU
		{56FB8873-79FD-49E7-BB89-D414D9F414C3}.Release|x86.Build.0 = Release|Any CPU
		{FB54DABC-20AE-4B72-94FA-1121D64AFF98}.Debug|Any CPU.ActiveCfg = Debug|Any CPU
		{FB54DABC-20AE-4B72-94FA-1121D64AFF98}.Debug|Any CPU.Build.0 = Debug|Any CPU
		{FB54DABC-20AE-4B72-94FA-1121D64AFF98}.Debug|x64.ActiveCfg = Debug|Any CPU
		{FB54DABC-20AE-4B72-94FA-1121D64AFF98}.Debug|x64.Build.0 = Debug|Any CPU
		{FB54DABC-20AE-4B72-94FA-1121D64AFF98}.Debug|x86.ActiveCfg = Debug|Any CPU
		{FB54DABC-20AE-4B72-94FA-1121D64AFF98}.Debug|x86.Build.0 = Debug|Any CPU
		{FB54DABC-20AE-4B72-94FA-1121D64AFF98}.Release|Any CPU.ActiveCfg = Release|Any CPU
		{FB54DABC-20AE-4B72-94FA-1121D64AFF98}.Release|Any CPU.Build.0 = Release|Any CPU
		{FB54DABC-20AE-4B72-94FA-1121D64AFF98}.Release|x64.ActiveCfg = Release|Any CPU
		{FB54DABC-20AE-4B72-94FA-1121D64AFF98}.Release|x64.Build.0 = Release|Any CPU
		{FB54DABC-20AE-4B72-94FA-1121D64AFF98}.Release|x86.ActiveCfg = Release|Any CPU
		{FB54DABC-20AE-4B72-94FA-1121D64AFF98}.Release|x86.Build.0 = Release|Any CPU
		{1CDF2A83-0035-4186-8C08-08A8EEDFE380}.Debug|Any CPU.ActiveCfg = Debug|Any CPU
		{1CDF2A83-0035-4186-8C08-08A8EEDFE380}.Debug|Any CPU.Build.0 = Debug|Any CPU
		{1CDF2A83-0035-4186-8C08-08A8EEDFE380}.Debug|x64.ActiveCfg = Debug|Any CPU
		{1CDF2A83-0035-4186-8C08-08A8EEDFE380}.Debug|x64.Build.0 = Debug|Any CPU
		{1CDF2A83-0035-4186-8C08-08A8EEDFE380}.Debug|x86.ActiveCfg = Debug|Any CPU
		{1CDF2A83-0035-4186-8C08-08A8EEDFE380}.Debug|x86.Build.0 = Debug|Any CPU
		{1CDF2A83-0035-4186-8C08-08A8EEDFE380}.Release|Any CPU.ActiveCfg = Release|Any CPU
		{1CDF2A83-0035-4186-8C08-08A8EEDFE380}.Release|Any CPU.Build.0 = Release|Any CPU
		{1CDF2A83-0035-4186-8C08-08A8EEDFE380}.Release|x64.ActiveCfg = Release|Any CPU
		{1CDF2A83-0035-4186-8C08-08A8EEDFE380}.Release|x64.Build.0 = Release|Any CPU
		{1CDF2A83-0035-4186-8C08-08A8EEDFE380}.Release|x86.ActiveCfg = Release|Any CPU
		{1CDF2A83-0035-4186-8C08-08A8EEDFE380}.Release|x86.Build.0 = Release|Any CPU
		{71D27713-43A8-47AD-AB9B-CC74FF141D3B}.Debug|Any CPU.ActiveCfg = Debug|Any CPU
		{71D27713-43A8-47AD-AB9B-CC74FF141D3B}.Debug|Any CPU.Build.0 = Debug|Any CPU
		{71D27713-43A8-47AD-AB9B-CC74FF141D3B}.Debug|x64.ActiveCfg = Debug|Any CPU
		{71D27713-43A8-47AD-AB9B-CC74FF141D3B}.Debug|x64.Build.0 = Debug|Any CPU
		{71D27713-43A8-47AD-AB9B-CC74FF141D3B}.Debug|x86.ActiveCfg = Debug|Any CPU
		{71D27713-43A8-47AD-AB9B-CC74FF141D3B}.Debug|x86.Build.0 = Debug|Any CPU
		{71D27713-43A8-47AD-AB9B-CC74FF141D3B}.Release|Any CPU.ActiveCfg = Release|Any CPU
		{71D27713-43A8-47AD-AB9B-CC74FF141D3B}.Release|Any CPU.Build.0 = Release|Any CPU
		{71D27713-43A8-47AD-AB9B-CC74FF141D3B}.Release|x64.ActiveCfg = Release|Any CPU
		{71D27713-43A8-47AD-AB9B-CC74FF141D3B}.Release|x64.Build.0 = Release|Any CPU
		{71D27713-43A8-47AD-AB9B-CC74FF141D3B}.Release|x86.ActiveCfg = Release|Any CPU
		{71D27713-43A8-47AD-AB9B-CC74FF141D3B}.Release|x86.Build.0 = Release|Any CPU
	EndGlobalSection
EndGlobal
